
Microsoft Visual Studio Solution File, Format Version 12.00
# Visual Studio 15
VisualStudioVersion = 15.0.26730.15
MinimumVisualStudioVersion = 10.0.40219.1
Project("{FAE04EC0-301F-11D3-BF4B-00C04F79EFBC}") = "CaveGeneration", "CaveGeneration\CaveGeneration.csproj", "{D90359E8-3CB5-489B-BCF1-A7DB147A720C}"
EndProject
Project("{FAE04EC0-301F-11D3-BF4B-00C04F79EFBC}") = "StorageSystem", "StorageSystem\StorageSystem.csproj", "{C48F6AAF-4135-4AA0-8F06-2846D1DE49AD}"
EndProject
Global
	GlobalSection(SolutionConfigurationPlatforms) = preSolution
		Debug|Any CPU = Debug|Any CPU
		Debug|x86 = Debug|x86
		Release|Any CPU = Release|Any CPU
		Release|x86 = Release|x86
	EndGlobalSection
	GlobalSection(ProjectConfigurationPlatforms) = postSolution
		{D90359E8-3CB5-489B-BCF1-A7DB147A720C}.Debug|Any CPU.ActiveCfg = Debug|x86
		{D90359E8-3CB5-489B-BCF1-A7DB147A720C}.Debug|x86.ActiveCfg = Debug|x86
		{D90359E8-3CB5-489B-BCF1-A7DB147A720C}.Debug|x86.Build.0 = Debug|x86
		{D90359E8-3CB5-489B-BCF1-A7DB147A720C}.Release|Any CPU.ActiveCfg = Release|x86
		{D90359E8-3CB5-489B-BCF1-A7DB147A720C}.Release|x86.ActiveCfg = Release|x86
		{D90359E8-3CB5-489B-BCF1-A7DB147A720C}.Release|x86.Build.0 = Release|x86
		{C48F6AAF-4135-4AA0-8F06-2846D1DE49AD}.Debug|Any CPU.ActiveCfg = Debug|Any CPU
		{C48F6AAF-4135-4AA0-8F06-2846D1DE49AD}.Debug|Any CPU.Build.0 = Debug|Any CPU
		{C48F6AAF-4135-4AA0-8F06-2846D1DE49AD}.Debug|x86.ActiveCfg = Debug|Any CPU
		{C48F6AAF-4135-4AA0-8F06-2846D1DE49AD}.Debug|x86.Build.0 = Debug|Any CPU
		{C48F6AAF-4135-4AA0-8F06-2846D1DE49AD}.Release|Any CPU.ActiveCfg = Release|Any CPU
		{C48F6AAF-4135-4AA0-8F06-2846D1DE49AD}.Release|Any CPU.Build.0 = Release|Any CPU
		{C48F6AAF-4135-4AA0-8F06-2846D1DE49AD}.Release|x86.ActiveCfg = Release|Any CPU
		{C48F6AAF-4135-4AA0-8F06-2846D1DE49AD}.Release|x86.Build.0 = Release|Any CPU
	EndGlobalSection
	GlobalSection(SolutionProperties) = preSolution
		HideSolutionNode = FALSE
	EndGlobalSection
	GlobalSection(ExtensibilityGlobals) = postSolution
		SolutionGuid = {78AEC09F-BBDA-4EB3-A276-B0B72F252AF3}
	EndGlobalSection
EndGlobal
